
Microsoft Visual Studio Solution File, Format Version 12.00
# Visual Studio Version 16
VisualStudioVersion = 16.0.31605.320
MinimumVisualStudioVersion = 10.0.40219.1
Project("{888888A0-9F3D-457C-B088-3A5042F75D52}") = "VoaDownloader", "VoaDownloader.pyproj", "{78811968-ED94-4A79-8996-F8CCE8186563}"
EndProject
Global
	GlobalSection(SolutionConfigurationPlatforms) = preSolution
		Debug|Any CPU = Debug|Any CPU
		Release|Any CPU = Release|Any CPU
	EndGlobalSection
	GlobalSection(ProjectConfigurationPlatforms) = postSolution
		{78811968-ED94-4A79-8996-F8CCE8186563}.Debug|Any CPU.ActiveCfg = Debug|Any CPU
		{78811968-ED94-4A79-8996-F8CCE8186563}.Release|Any CPU.ActiveCfg = Release|Any CPU
	EndGlobalSection
	GlobalSection(SolutionProperties) = preSolution
		HideSolutionNode = FALSE
	EndGlobalSection
	GlobalSection(ExtensibilityGlobals) = postSolution
		SolutionGuid = {7A01C160-35DC-49A9-9A67-9EFD401FDED1}
	EndGlobalSection
EndGlobal
